
Microsoft Visual Studio Solution File, Format Version 12.00
# Visual Studio Version 17
VisualStudioVersion = 17.11.35312.102
MinimumVisualStudioVersion = 10.0.40219.1
Project("{FAE04EC0-301F-11D3-BF4B-00C04F79EFBC}") = "oopTasks", "oopTasks.csproj", "{0E670D96-22A8-40E8-A65B-84ADEBE28F61}"
EndProject
Global
	GlobalSection(SolutionConfigurationPlatforms) = preSolution
		Debug|Any CPU = Debug|Any CPU
		Release|Any CPU = Release|Any CPU
	EndGlobalSection
	GlobalSection(ProjectConfigurationPlatforms) = postSolution
		{0E670D96-22A8-40E8-A65B-84ADEBE28F61}.Debug|Any CPU.ActiveCfg = Debug|Any CPU
		{0E670D96-22A8-40E8-A65B-84ADEBE28F61}.Debug|Any CPU.Build.0 = Debug|Any CPU
		{0E670D96-22A8-40E8-A65B-84ADEBE28F61}.Release|Any CPU.ActiveCfg = Release|Any CPU
		{0E670D96-22A8-40E8-A65B-84ADEBE28F61}.Release|Any CPU.Build.0 = Release|Any CPU
	EndGlobalSection
	GlobalSection(SolutionProperties) = preSolution
		HideSolutionNode = FALSE
	EndGlobalSection
	GlobalSection(ExtensibilityGlobals) = postSolution
		SolutionGuid = {E8FA0BCE-B571-4600-B40E-6DCEB1BCB155}
	EndGlobalSection
EndGlobal
